// !$*UTF8*$!
{
	archiveVersion = 1;
	classes = {
	};
	objectVersion = 48;
	objects = {

/* Begin PBXBuildFile section */
		248000F9202A0263000B2478 /* AppDelegate.swift in Sources */ = {isa = PBXBuildFile; fileRef = 248000F8202A0263000B2478 /* AppDelegate.swift */; };
		248000FB202A0263000B2478 /* ViewController.swift in Sources */ = {isa = PBXBuildFile; fileRef = 248000FA202A0263000B2478 /* ViewController.swift */; };
		248000FE202A0263000B2478 /* Main.storyboard in Resources */ = {isa = PBXBuildFile; fileRef = 248000FC202A0263000B2478 /* Main.storyboard */; };
		24800100202A0263000B2478 /* Assets.xcassets in Resources */ = {isa = PBXBuildFile; fileRef = 248000FF202A0263000B2478 /* Assets.xcassets */; };
		24800103202A0263000B2478 /* LaunchScreen.storyboard in Resources */ = {isa = PBXBuildFile; fileRef = 24800101202A0263000B2478 /* LaunchScreen.storyboard */; };
		2480010E202A0263000B2478 /* ATMBranchLocatorTests.swift in Sources */ = {isa = PBXBuildFile; fileRef = 2480010D202A0263000B2478 /* ATMBranchLocatorTests.swift */; };
		24800119202A0263000B2478 /* ATMBranchLocatorUITests.swift in Sources */ = {isa = PBXBuildFile; fileRef = 24800118202A0263000B2478 /* ATMBranchLocatorUITests.swift */; };
/* End PBXBuildFile section */

/* Begin PBXContainerItemProxy section */
		2480010A202A0263000B2478 /* PBXContainerItemProxy */ = {
			isa = PBXContainerItemProxy;
			containerPortal = 248000ED202A0263000B2478 /* Project object */;
			proxyType = 1;
			remoteGlobalIDString = 248000F4202A0263000B2478;
			remoteInfo = ATMBranchLocator;
		};
		24800115202A0263000B2478 /* PBXContainerItemProxy */ = {
			isa = PBXContainerItemProxy;
			containerPortal = 248000ED202A0263000B2478 /* Project object */;
			proxyType = 1;
			remoteGlobalIDString = 248000F4202A0263000B2478;
			remoteInfo = ATMBranchLocator;
		};
/* End PBXContainerItemProxy section */

/* Begin PBXFileReference section */
		248000F5202A0263000B2478 /* ATMBranchLocator.app */ = {isa = PBXFileReference; explicitFileType = wrapper.application; includeInIndex = 0; path = ATMBranchLocator.app; sourceTree = BUILT_PRODUCTS_DIR; };
		248000F8202A0263000B2478 /* AppDelegate.swift */ = {isa = PBXFileReference; lastKnownFileType = sourcecode.swift; path = AppDelegate.swift; sourceTree = "<group>"; };
		248000FA202A0263000B2478 /* ViewController.swift */ = {isa = PBXFileReference; lastKnownFileType = sourcecode.swift; path = ViewController.swift; sourceTree = "<group>"; };
		248000FD202A0263000B2478 /* Base */ = {isa = PBXFileReference; lastKnownFileType = file.storyboard; name = Base; path = Base.lproj/Main.storyboard; sourceTree = "<group>"; };
		248000FF202A0263000B2478 /* Assets.xcassets */ = {isa = PBXFileReference; lastKnownFileType = folder.assetcatalog; path = Assets.xcassets; sourceTree = "<group>"; };
		24800102202A0263000B2478 /* Base */ = {isa = PBXFileReference; lastKnownFileType = file.storyboard; name = Base; path = Base.lproj/LaunchScreen.storyboard; sourceTree = "<group>"; };
		24800104202A0263000B2478 /* Info.plist */ = {isa = PBXFileReference; lastKnownFileType = text.plist.xml; path = Info.plist; sourceTree = "<group>"; };
		24800109202A0263000B2478 /* ATMBranchLocatorTests.xctest */ = {isa = PBXFileReference; explicitFileType = wrapper.cfbundle; includeInIndex = 0; path = ATMBranchLocatorTests.xctest; sourceTree = BUILT_PRODUCTS_DIR; };
		2480010D202A0263000B2478 /* ATMBranchLocatorTests.swift */ = {isa = PBXFileReference; lastKnownFileType = sourcecode.swift; path = ATMBranchLocatorTests.swift; sourceTree = "<group>"; };
		2480010F202A0263000B2478 /* Info.plist */ = {isa = PBXFileReference; lastKnownFileType = text.plist.xml; path = Info.plist; sourceTree = "<group>"; };
		24800114202A0263000B2478 /* ATMBranchLocatorUITests.xctest */ = {isa = PBXFileReference; explicitFileType = wrapper.cfbundle; includeInIndex = 0; path = ATMBranchLocatorUITests.xctest; sourceTree = BUILT_PRODUCTS_DIR; };
		24800118202A0263000B2478 /* ATMBranchLocatorUITests.swift */ = {isa = PBXFileReference; lastKnownFileType = sourcecode.swift; path = ATMBranchLocatorUITests.swift; sourceTree = "<group>"; };
		2480011A202A0263000B2478 /* Info.plist */ = {isa = PBXFileReference; lastKnownFileType = text.plist.xml; path = Info.plist; sourceTree = "<group>"; };
/* End PBXFileReference section */

/* Begin PBXFrameworksBuildPhase section */
		248000F2202A0263000B2478 /* Frameworks */ = {
			isa = PBXFrameworksBuildPhase;
			buildActionMask = 2147483647;
			files = (
			);
			runOnlyForDeploymentPostprocessing = 0;
		};
		24800106202A0263000B2478 /* Frameworks */ = {
			isa = PBXFrameworksBuildPhase;
			buildActionMask = 2147483647;
			files = (
			);
			runOnlyForDeploymentPostprocessing = 0;
		};
		24800111202A0263000B2478 /* Frameworks */ = {
			isa = PBXFrameworksBuildPhase;
			buildActionMask = 2147483647;
			files = (
			);
			runOnlyForDeploymentPostprocessing = 0;
		};
/* End PBXFrameworksBuildPhase section */

/* Begin PBXGroup section */
		248000EC202A0263000B2478 = {
			isa = PBXGroup;
			children = (
				248000F7202A0263000B2478 /* ATMBranchLocator */,
				2480010C202A0263000B2478 /* ATMBranchLocatorTests */,
				24800117202A0263000B2478 /* ATMBranchLocatorUITests */,
				248000F6202A0263000B2478 /* Products */,
			);
			sourceTree = "<group>";
		};
		248000F6202A0263000B2478 /* Products */ = {
			isa = PBXGroup;
			children = (
				248000F5202A0263000B2478 /* ATMBranchLocator.app */,
				24800109202A0263000B2478 /* ATMBranchLocatorTests.xctest */,
				24800114202A0263000B2478 /* ATMBranchLocatorUITests.xctest */,
			);
			name = Products;
			sourceTree = "<group>";
		};
		248000F7202A0263000B2478 /* ATMBranchLocator */ = {
			isa = PBXGroup;
			children = (
				248000F8202A0263000B2478 /* AppDelegate.swift */,
				248000FA202A0263000B2478 /* ViewController.swift */,
				248000FC202A0263000B2478 /* Main.storyboard */,
				248000FF202A0263000B2478 /* Assets.xcassets */,
				24800101202A0263000B2478 /* LaunchScreen.storyboard */,
				24800104202A0263000B2478 /* Info.plist */,
			);
			path = ATMBranchLocator;
			sourceTree = "<group>";
		};
		2480010C202A0263000B2478 /* ATMBranchLocatorTests */ = {
			isa = PBXGroup;
			children = (
				2480010D202A0263000B2478 /* ATMBranchLocatorTests.swift */,
				2480010F202A0263000B2478 /* Info.plist */,
			);
			path = ATMBranchLocatorTests;
			sourceTree = "<group>";
		};
		24800117202A0263000B2478 /* ATMBranchLocatorUITests */ = {
			isa = PBXGroup;
			children = (
				24800118202A0263000B2478 /* ATMBranchLocatorUITests.swift */,
				2480011A202A0263000B2478 /* Info.plist */,
			);
			path = ATMBranchLocatorUITests;
			sourceTree = "<group>";
		};
/* End PBXGroup section */

/* Begin PBXNativeTarget section */
		248000F4202A0263000B2478 /* ATMBranchLocator */ = {
			isa = PBXNativeTarget;
			buildConfigurationList = 2480011D202A0263000B2478 /* Build configuration list for PBXNativeTarget "ATMBranchLocator" */;
			buildPhases = (
				248000F1202A0263000B2478 /* Sources */,
				248000F2202A0263000B2478 /* Frameworks */,
				248000F3202A0263000B2478 /* Resources */,
			);
			buildRules = (
			);
			dependencies = (
			);
			name = ATMBranchLocator;
			productName = ATMBranchLocator;
			productReference = 248000F5202A0263000B2478 /* ATMBranchLocator.app */;
			productType = "com.apple.product-type.application";
		};
		24800108202A0263000B2478 /* ATMBranchLocatorTests */ = {
			isa = PBXNativeTarget;
			buildConfigurationList = 24800120202A0263000B2478 /* Build configuration list for PBXNativeTarget "ATMBranchLocatorTests" */;
			buildPhases = (
				24800105202A0263000B2478 /* Sources */,
				24800106202A0263000B2478 /* Frameworks */,
				24800107202A0263000B2478 /* Resources */,
			);
			buildRules = (
			);
			dependencies = (
				2480010B202A0263000B2478 /* PBXTargetDependency */,
			);
			name = ATMBranchLocatorTests;
			productName = ATMBranchLocatorTests;
			productReference = 24800109202A0263000B2478 /* ATMBranchLocatorTests.xctest */;
			productType = "com.apple.product-type.bundle.unit-test";
		};
		24800113202A0263000B2478 /* ATMBranchLocatorUITests */ = {
			isa = PBXNativeTarget;
			buildConfigurationList = 24800123202A0263000B2478 /* Build configuration list for PBXNativeTarget "ATMBranchLocatorUITests" */;
			buildPhases = (
				24800110202A0263000B2478 /* Sources */,
				24800111202A0263000B2478 /* Frameworks */,
				24800112202A0263000B2478 /* Resources */,
			);
			buildRules = (
			);
			dependencies = (
				24800116202A0263000B2478 /* PBXTargetDependency */,
			);
			name = ATMBranchLocatorUITests;
			productName = ATMBranchLocatorUITests;
			productReference = 24800114202A0263000B2478 /* ATMBranchLocatorUITests.xctest */;
			productType = "com.apple.product-type.bundle.ui-testing";
		};
/* End PBXNativeTarget section */

/* Begin PBXProject section */
		248000ED202A0263000B2478 /* Project object */ = {
			isa = PBXProject;
			attributes = {
				LastSwiftUpdateCheck = 0920;
				LastUpgradeCheck = 0920;
				ORGANIZATIONNAME = asdf;
				TargetAttributes = {
					248000F4202A0263000B2478 = {
						CreatedOnToolsVersion = 9.2;
						ProvisioningStyle = Automatic;
					};
					24800108202A0263000B2478 = {
						CreatedOnToolsVersion = 9.2;
						ProvisioningStyle = Automatic;
						TestTargetID = 248000F4202A0263000B2478;
					};
					24800113202A0263000B2478 = {
						CreatedOnToolsVersion = 9.2;
						ProvisioningStyle = Automatic;
						TestTargetID = 248000F4202A0263000B2478;
					};
				};
			};
			buildConfigurationList = 248000F0202A0263000B2478 /* Build configuration list for PBXProject "ATMBranchLocator" */;
			compatibilityVersion = "Xcode 8.0";
			developmentRegion = en;
			hasScannedForEncodings = 0;
			knownRegions = (
				en,
				Base,
			);
			mainGroup = 248000EC202A0263000B2478;
			productRefGroup = 248000F6202A0263000B2478 /* Products */;
			projectDirPath = "";
			projectRoot = "";
			targets = (
				248000F4202A0263000B2478 /* ATMBranchLocator */,
				24800108202A0263000B2478 /* ATMBranchLocatorTests */,
				24800113202A0263000B2478 /* ATMBranchLocatorUITests */,
			);
		};
/* End PBXProject section */

/* Begin PBXResourcesBuildPhase section */
		248000F3202A0263000B2478 /* Resources */ = {
			isa = PBXResourcesBuildPhase;
			buildActionMask = 2147483647;
			files = (
				24800103202A0263000B2478 /* LaunchScreen.storyboard in Resources */,
				24800100202A0263000B2478 /* Assets.xcassets in Resources */,
				248000FE202A0263000B2478 /* Main.storyboard in Resources */,
			);
			runOnlyForDeploymentPostprocessing = 0;
		};
		24800107202A0263000B2478 /* Resources */ = {
			isa = PBXResourcesBuildPhase;
			buildActionMask = 2147483647;
			files = (
			);
			runOnlyForDeploymentPostprocessing = 0;
		};
		24800112202A0263000B2478 /* Resources */ = {
			isa = PBXResourcesBuildPhase;
			buildActionMask = 2147483647;
			files = (
			);
			runOnlyForDeploymentPostprocessing = 0;
		};
/* End PBXResourcesBuildPhase section */

/* Begin PBXSourcesBuildPhase section */
		248000F1202A0263000B2478 /* Sources */ = {
			isa = PBXSourcesBuildPhase;
			buildActionMask = 2147483647;
			files = (
				248000FB202A0263000B2478 /* ViewController.swift in Sources */,
				248000F9202A0263000B2478 /* AppDelegate.swift in Sources */,
			);
			runOnlyForDeploymentPostprocessing = 0;
		};
		24800105202A0263000B2478 /* Sources */ = {
			isa = PBXSourcesBuildPhase;
			buildActionMask = 2147483647;
			files = (
				2480010E202A0263000B2478 /* ATMBranchLocatorTests.swift in Sources */,
			);
			runOnlyForDeploymentPostprocessing = 0;
		};
		24800110202A0263000B2478 /* Sources */ = {
			isa = PBXSourcesBuildPhase;
			buildActionMask = 2147483647;
			files = (
				24800119202A0263000B2478 /* ATMBranchLocatorUITests.swift in Sources */,
			);
			runOnlyForDeploymentPostprocessing = 0;
		};
/* End PBXSourcesBuildPhase section */

/* Begin PBXTargetDependency section */
		2480010B202A0263000B2478 /* PBXTargetDependency */ = {
			isa = PBXTargetDependency;
			target = 248000F4202A0263000B2478 /* ATMBranchLocator */;
			targetProxy = 2480010A202A0263000B2478 /* PBXContainerItemProxy */;
		};
		24800116202A0263000B2478 /* PBXTargetDependency */ = {
			isa = PBXTargetDependency;
			target = 248000F4202A0263000B2478 /* ATMBranchLocator */;
			targetProxy = 24800115202A0263000B2478 /* PBXContainerItemProxy */;
		};
/* End PBXTargetDependency section */

/* Begin PBXVariantGroup section */
		248000FC202A0263000B2478 /* Main.storyboard */ = {
			isa = PBXVariantGroup;
			children = (
				248000FD202A0263000B2478 /* Base */,
			);
			name = Main.storyboard;
			sourceTree = "<group>";
		};
		24800101202A0263000B2478 /* LaunchScreen.storyboard */ = {
			isa = PBXVariantGroup;
			children = (
				24800102202A0263000B2478 /* Base */,
			);
			name = LaunchScreen.storyboard;
			sourceTree = "<group>";
		};
/* End PBXVariantGroup section */

/* Begin XCBuildConfiguration section */
		2480011B202A0263000B2478 /* Debug */ = {
			isa = XCBuildConfiguration;
			buildSettings = {
				ALWAYS_SEARCH_USER_PATHS = NO;
				CLANG_ANALYZER_NONNULL = YES;
				CLANG_ANALYZER_NUMBER_OBJECT_CONVERSION = YES_AGGRESSIVE;
				CLANG_CXX_LANGUAGE_STANDARD = "gnu++14";
				CLANG_CXX_LIBRARY = "libc++";
				CLANG_ENABLE_MODULES = YES;
				CLANG_ENABLE_OBJC_ARC = YES;
				CLANG_WARN_BLOCK_CAPTURE_AUTORELEASING = YES;
				CLANG_WARN_BOOL_CONVERSION = YES;
				CLANG_WARN_COMMA = YES;
				CLANG_WARN_CONSTANT_CONVERSION = YES;
				CLANG_WARN_DIRECT_OBJC_ISA_USAGE = YES_ERROR;
				CLANG_WARN_DOCUMENTATION_COMMENTS = YES;
				CLANG_WARN_EMPTY_BODY = YES;
				CLANG_WARN_ENUM_CONVERSION = YES;
				CLANG_WARN_INFINITE_RECURSION = YES;
				CLANG_WARN_INT_CONVERSION = YES;
				CLANG_WARN_NON_LITERAL_NULL_CONVERSION = YES;
				CLANG_WARN_OBJC_LITERAL_CONVERSION = YES;
				CLANG_WARN_OBJC_ROOT_CLASS = YES_ERROR;
				CLANG_WARN_RANGE_LOOP_ANALYSIS = YES;
				CLANG_WARN_STRICT_PROTOTYPES = YES;
				CLANG_WARN_SUSPICIOUS_MOVE = YES;
				CLANG_WARN_UNGUARDED_AVAILABILITY = YES_AGGRESSIVE;
				CLANG_WARN_UNREACHABLE_CODE = YES;
				CLANG_WARN__DUPLICATE_METHOD_MATCH = YES;
				CODE_SIGN_IDENTITY = "iPhone Developer";
				COPY_PHASE_STRIP = NO;
				DEBUG_INFORMATION_FORMAT = dwarf;
				ENABLE_STRICT_OBJC_MSGSEND = YES;
				ENABLE_TESTABILITY = YES;
				GCC_C_LANGUAGE_STANDARD = gnu11;
				GCC_DYNAMIC_NO_PIC = NO;
				GCC_NO_COMMON_BLOCKS = YES;
				GCC_OPTIMIZATION_LEVEL = 0;
				GCC_PREPROCESSOR_DEFINITIONS = (
					"DEBUG=1",
					"$(inherited)",
				);
				GCC_WARN_64_TO_32_BIT_CONVERSION = YES;
				GCC_WARN_ABOUT_RETURN_TYPE = YES_ERROR;
				GCC_WARN_UNDECLARED_SELECTOR = YES;
				GCC_WARN_UNINITIALIZED_AUTOS = YES_AGGRESSIVE;
				GCC_WARN_UNUSED_FUNCTION = YES;
				GCC_WARN_UNUSED_VARIABLE = YES;
				IPHONEOS_DEPLOYMENT_TARGET = 11.2;
				MTL_ENABLE_DEBUG_INFO = YES;
				ONLY_ACTIVE_ARCH = YES;
				SDKROOT = iphoneos;
				SWIFT_ACTIVE_COMPILATION_CONDITIONS = DEBUG;
				SWIFT_OPTIMIZATION_LEVEL = "-Onone";
			};
			name = Debug;
		};
		2480011C202A0263000B2478 /* Release */ = {
			isa = XCBuildConfiguration;
			buildSettings = {
				ALWAYS_SEARCH_USER_PATHS = NO;
				CLANG_ANALYZER_NONNULL = YES;
				CLANG_ANALYZER_NUMBER_OBJECT_CONVERSION = YES_AGGRESSIVE;
				CLANG_CXX_LANGUAGE_STANDARD = "gnu++14";
				CLANG_CXX_LIBRARY = "libc++";
				CLANG_ENABLE_MODULES = YES;
				CLANG_ENABLE_OBJC_ARC = YES;
				CLANG_WARN_BLOCK_CAPTURE_AUTORELEASING = YES;
				CLANG_WARN_BOOL_CONVERSION = YES;
				CLANG_WARN_COMMA = YES;
				CLANG_WARN_CONSTANT_CONVERSION = YES;
				CLANG_WARN_DIRECT_OBJC_ISA_USAGE = YES_ERROR;
				CLANG_WARN_DOCUMENTATION_COMMENTS = YES;
				CLANG_WARN_EMPTY_BODY = YES;
				CLANG_WARN_ENUM_CONVERSION = YES;
				CLANG_WARN_INFINITE_RECURSION = YES;
				CLANG_WARN_INT_CONVERSION = YES;
				CLANG_WARN_NON_LITERAL_NULL_CONVERSION = YES;
				CLANG_WARN_OBJC_LITERAL_CONVERSION = YES;
				CLANG_WARN_OBJC_ROOT_CLASS = YES_ERROR;
				CLANG_WARN_RANGE_LOOP_ANALYSIS = YES;
				CLANG_WARN_STRICT_PROTOTYPES = YES;
				CLANG_WARN_SUSPICIOUS_MOVE = YES;
				CLANG_WARN_UNGUARDED_AVAILABILITY = YES_AGGRESSIVE;
				CLANG_WARN_UNREACHABLE_CODE = YES;
				CLANG_WARN__DUPLICATE_METHOD_MATCH = YES;
				CODE_SIGN_IDENTITY = "iPhone Developer";
				COPY_PHASE_STRIP = NO;
				DEBUG_INFORMATION_FORMAT = "dwarf-with-dsym";
				ENABLE_NS_ASSERTIONS = NO;
				ENABLE_STRICT_OBJC_MSGSEND = YES;
				GCC_C_LANGUAGE_STANDARD = gnu11;
				GCC_NO_COMMON_BLOCKS = YES;
				GCC_WARN_64_TO_32_BIT_CONVERSION = YES;
				GCC_WARN_ABOUT_RETURN_TYPE = YES_ERROR;
				GCC_WARN_UNDECLARED_SELECTOR = YES;
				GCC_WARN_UNINITIALIZED_AUTOS = YES_AGGRESSIVE;
				GCC_WARN_UNUSED_FUNCTION = YES;
				GCC_WARN_UNUSED_VARIABLE = YES;
				IPHONEOS_DEPLOYMENT_TARGET = 11.2;
				MTL_ENABLE_DEBUG_INFO = NO;
				SDKROOT = iphoneos;
				SWIFT_OPTIMIZATION_LEVEL = "-Owholemodule";
				VALIDATE_PRODUCT = YES;
			};
			name = Release;
		};
		2480011E202A0263000B2478 /* Debug */ = {
			isa = XCBuildConfiguration;
			buildSettings = {
				ASSETCATALOG_COMPILER_APPICON_NAME = AppIcon;
				CODE_SIGN_STYLE = Automatic;
				DEVELOPMENT_TEAM = LX9R4T76DS;
				INFOPLIST_FILE = ATMBranchLocator/Info.plist;
				LD_RUNPATH_SEARCH_PATHS = "$(inherited) @executable_path/Frameworks";
				PRODUCT_BUNDLE_IDENTIFIER = com.asdf.ATMBranchLocator;
				PRODUCT_NAME = "$(TARGET_NAME)";
				SWIFT_VERSION = 4.0;
				TARGETED_DEVICE_FAMILY = "1,2";
			};
			name = Debug;
		};
		2480011F202A0263000B2478 /* Release */ = {
			isa = XCBuildConfiguration;
			buildSettings = {
				ASSETCATALOG_COMPILER_APPICON_NAME = AppIcon;
				CODE_SIGN_STYLE = Automatic;
				DEVELOPMENT_TEAM = LX9R4T76DS;
				INFOPLIST_FILE = ATMBranchLocator/Info.plist;
				LD_RUNPATH_SEARCH_PATHS = "$(inherited) @executable_path/Frameworks";
				PRODUCT_BUNDLE_IDENTIFIER = com.asdf.ATMBranchLocator;
				PRODUCT_NAME = "$(TARGET_NAME)";
				SWIFT_VERSION = 4.0;
				TARGETED_DEVICE_FAMILY = "1,2";
			};
			name = Release;
		};
		24800121202A0263000B2478 /* Debug */ = {
			isa = XCBuildConfiguration;
			buildSettings = {
				ALWAYS_EMBED_SWIFT_STANDARD_LIBRARIES = YES;
				BUNDLE_LOADER = "$(TEST_HOST)";
				CODE_SIGN_STYLE = Automatic;
				DEVELOPMENT_TEAM = LX9R4T76DS;
				INFOPLIST_FILE = ATMBranchLocatorTests/Info.plist;
				LD_RUNPATH_SEARCH_PATHS = "$(inherited) @executable_path/Frameworks @loader_path/Frameworks";
				PRODUCT_BUNDLE_IDENTIFIER = com.asdf.ATMBranchLocatorTests;
				PRODUCT_NAME = "$(TARGET_NAME)";
				SWIFT_VERSION = 4.0;
				TARGETED_DEVICE_FAMILY = "1,2";
				TEST_HOST = "$(BUILT_PRODUCTS_DIR)/ATMBranchLocator.app/ATMBranchLocator";
			};
			name = Debug;
		};
		24800122202A0263000B2478 /* Release */ = {
			isa = XCBuildConfiguration;
			buildSettings = {
				ALWAYS_EMBED_SWIFT_STANDARD_LIBRARIES = YES;
				BUNDLE_LOADER = "$(TEST_HOST)";
				CODE_SIGN_STYLE = Automatic;
				DEVELOPMENT_TEAM = LX9R4T76DS;
				INFOPLIST_FILE = ATMBranchLocatorTests/Info.plist;
				LD_RUNPATH_SEARCH_PATHS = "$(inherited) @executable_path/Frameworks @loader_path/Frameworks";
				PRODUCT_BUNDLE_IDENTIFIER = com.asdf.ATMBranchLocatorTests;
				PRODUCT_NAME = "$(TARGET_NAME)";
				SWIFT_VERSION = 4.0;
				TARGETED_DEVICE_FAMILY = "1,2";
				TEST_HOST = "$(BUILT_PRODUCTS_DIR)/ATMBranchLocator.app/ATMBranchLocator";
			};
			name = Release;
		};
		24800124202A0263000B2478 /* Debug */ = {
			isa = XCBuildConfiguration;
			buildSettings = {
				ALWAYS_EMBED_SWIFT_STANDARD_LIBRARIES = YES;
				CODE_SIGN_STYLE = Automatic;
				DEVELOPMENT_TEAM = LX9R4T76DS;
				INFOPLIST_FILE = ATMBranchLocatorUITests/Info.plist;
				LD_RUNPATH_SEARCH_PATHS = "$(inherited) @executable_path/Frameworks @loader_path/Frameworks";
				PRODUCT_BUNDLE_IDENTIFIER = com.asdf.ATMBranchLocatorUITests;
				PRODUCT_NAME = "$(TARGET_NAME)";
				SWIFT_VERSION = 4.0;
				TARGETED_DEVICE_FAMILY = "1,2";
				TEST_TARGET_NAME = ATMBranchLocator;
			};
			name = Debug;
		};
		24800125202A0263000B2478 /* Release */ = {
			isa = XCBuildConfiguration;
			buildSettings = {
				ALWAYS_EMBED_SWIFT_STANDARD_LIBRARIES = YES;
				CODE_SIGN_STYLE = Automatic;
				DEVELOPMENT_TEAM = LX9R4T76DS;
				INFOPLIST_FILE = ATMBranchLocatorUITests/Info.plist;
				LD_RUNPATH_SEARCH_PATHS = "$(inherited) @executable_path/Frameworks @loader_path/Frameworks";
				PRODUCT_BUNDLE_IDENTIFIER = com.asdf.ATMBranchLocatorUITests;
				PRODUCT_NAME = "$(TARGET_NAME)";
				SWIFT_VERSION = 4.0;
				TARGETED_DEVICE_FAMILY = "1,2";
				TEST_TARGET_NAME = ATMBranchLocator;
			};
			name = Release;
		};
/* End XCBuildConfiguration section */

/* Begin XCConfigurationList section */
		248000F0202A0263000B2478 /* Build configuration list for PBXProject "ATMBranchLocator" */ = {
			isa = XCConfigurationList;
			buildConfigurations = (
				2480011B202A0263000B2478 /* Debug */,
				2480011C202A0263000B2478 /* Release */,
			);
			defaultConfigurationIsVisible = 0;
			defaultConfigurationName = Release;
		};
		2480011D202A0263000B2478 /* Build configuration list for PBXNativeTarget "ATMBranchLocator" */ = {
			isa = XCConfigurationList;
			buildConfigurations = (
				2480011E202A0263000B2478 /* Debug */,
				2480011F202A0263000B2478 /* Release */,
			);
			defaultConfigurationIsVisible = 0;
			defaultConfigurationName = Release;
		};
		24800120202A0263000B2478 /* Build configuration list for PBXNativeTarget "ATMBranchLocatorTests" */ = {
			isa = XCConfigurationList;
			buildConfigurations = (
				24800121202A0263000B2478 /* Debug */,
				24800122202A0263000B2478 /* Release */,
			);
			defaultConfigurationIsVisible = 0;
			defaultConfigurationName = Release;
		};
		24800123202A0263000B2478 /* Build configuration list for PBXNativeTarget "ATMBranchLocatorUITests" */ = {
			isa = XCConfigurationList;
			buildConfigurations = (
				24800124202A0263000B2478 /* Debug */,
				24800125202A0263000B2478 /* Release */,
			);
			defaultConfigurationIsVisible = 0;
			defaultConfigurationName = Release;
		};
/* End XCConfigurationList section */
	};
	rootObject = 248000ED202A0263000B2478 /* Project object */;
}
